
Microsoft Visual Studio Solution File, Format Version 12.00
# Visual Studio Version 17
VisualStudioVersion = 17.10.35027.167
MinimumVisualStudioVersion = 10.0.40219.1
Project("{FAE04EC0-301F-11D3-BF4B-00C04F79EFBC}") = "BalzorUI", "BalzorUI\BalzorUI.csproj", "{D250A364-1283-4213-91E6-3A7C8E39A7AF}"
EndProject
Project("{FAE04EC0-301F-11D3-BF4B-00C04F79EFBC}") = "DemoLibrary", "DemoLibrary\DemoLibrary.csproj", "{CA41FD48-EEE3-4663-8588-6A4B6ECBE109}"
EndProject
Project("{FAE04EC0-301F-11D3-BF4B-00C04F79EFBC}") = "DemoApi", "DemoApi\DemoApi.csproj", "{6DB921F2-E6B4-421A-B9A6-56C3B0F8ADE7}"
EndProject
Global
	GlobalSection(SolutionConfigurationPlatforms) = preSolution
		Debug|Any CPU = Debug|Any CPU
		Release|Any CPU = Release|Any CPU
	EndGlobalSection
	GlobalSection(ProjectConfigurationPlatforms) = postSolution
		{D250A364-1283-4213-91E6-3A7C8E39A7AF}.Debug|Any CPU.ActiveCfg = Debug|Any CPU
		{D250A364-1283-4213-91E6-3A7C8E39A7AF}.Debug|Any CPU.Build.0 = Debug|Any CPU
		{D250A364-1283-4213-91E6-3A7C8E39A7AF}.Release|Any CPU.ActiveCfg = Release|Any CPU
		{D250A364-1283-4213-91E6-3A7C8E39A7AF}.Release|Any CPU.Build.0 = Release|Any CPU
		{CA41FD48-EEE3-4663-8588-6A4B6ECBE109}.Debug|Any CPU.ActiveCfg = Debug|Any CPU
		{CA41FD48-EEE3-4663-8588-6A4B6ECBE109}.Debug|Any CPU.Build.0 = Debug|Any CPU
		{CA41FD48-EEE3-4663-8588-6A4B6ECBE109}.Release|Any CPU.ActiveCfg = Release|Any CPU
		{CA41FD48-EEE3-4663-8588-6A4B6ECBE109}.Release|Any CPU.Build.0 = Release|Any CPU
		{6DB921F2-E6B4-421A-B9A6-56C3B0F8ADE7}.Debug|Any CPU.ActiveCfg = Debug|Any CPU
		{6DB921F2-E6B4-421A-B9A6-56C3B0F8ADE7}.Debug|Any CPU.Build.0 = Debug|Any CPU
		{6DB921F2-E6B4-421A-B9A6-56C3B0F8ADE7}.Release|Any CPU.ActiveCfg = Release|Any CPU
		{6DB921F2-E6B4-421A-B9A6-56C3B0F8ADE7}.Release|Any CPU.Build.0 = Release|Any CPU
	EndGlobalSection
	GlobalSection(SolutionProperties) = preSolution
		HideSolutionNode = FALSE
	EndGlobalSection
	GlobalSection(ExtensibilityGlobals) = postSolution
		SolutionGuid = {324D48BD-C5F1-4A7B-9EF6-2B79E6DF5FBE}
	EndGlobalSection
EndGlobal
